
Microsoft Visual Studio Solution File, Format Version 12.00
# Visual Studio 15
VisualStudioVersion = 15.0.28307.705
MinimumVisualStudioVersion = 10.0.40219.1
Project("{8BC9CEB8-8B4A-11D0-8D11-00A0C91BC942}") = "libsensorconnect", "libsensorconnect.vcxproj", "{CBA93F94-504D-4706-9591-FE4E2A715DFF}"
EndProject
Global
	GlobalSection(SolutionConfigurationPlatforms) = preSolution
		Debug|x64 = Debug|x64
		Debug|x86 = Debug|x86
		Release|x64 = Release|x64
		Release|x86 = Release|x86
	EndGlobalSection
	GlobalSection(ProjectConfigurationPlatforms) = postSolution
		{CBA93F94-504D-4706-9591-FE4E2A715DFF}.Debug|x64.ActiveCfg = Debug|x64
		{CBA93F94-504D-4706-9591-FE4E2A715DFF}.Debug|x64.Build.0 = Debug|x64
		{CBA93F94-504D-4706-9591-FE4E2A715DFF}.Debug|x86.ActiveCfg = Debug|Win32
		{CBA93F94-504D-4706-9591-FE4E2A715DFF}.Debug|x86.Build.0 = Debug|Win32
		{CBA93F94-504D-4706-9591-FE4E2A715DFF}.Release|x64.ActiveCfg = Release|x64
		{CBA93F94-504D-4706-9591-FE4E2A715DFF}.Release|x64.Build.0 = Release|x64
		{CBA93F94-504D-4706-9591-FE4E2A715DFF}.Release|x86.ActiveCfg = Release|Win32
		{CBA93F94-504D-4706-9591-FE4E2A715DFF}.Release|x86.Build.0 = Release|Win32
	EndGlobalSection
	GlobalSection(SolutionProperties) = preSolution
		HideSolutionNode = FALSE
	EndGlobalSection
	GlobalSection(ExtensibilityGlobals) = postSolution
		SolutionGuid = {10D2F5EB-901A-4241-A778-F6A8488815E1}
	EndGlobalSection
EndGlobal
